
Microsoft Visual Studio Solution File, Format Version 12.00
# Visual Studio Version 16
VisualStudioVersion = 16.0.31515.178
MinimumVisualStudioVersion = 10.0.40219.1
Project("{FAE04EC0-301F-11D3-BF4B-00C04F79EFBC}") = "LAB4_BAI3", "LAB4_BAI3\LAB4_BAI3.csproj", "{07FF0C61-1BC2-4ABE-ABF4-5D6D8E68C77E}"
EndProject
Global
	GlobalSection(SolutionConfigurationPlatforms) = preSolution
		Debug|Any CPU = Debug|Any CPU
		Release|Any CPU = Release|Any CPU
	EndGlobalSection
	GlobalSection(ProjectConfigurationPlatforms) = postSolution
		{07FF0C61-1BC2-4ABE-ABF4-5D6D8E68C77E}.Debug|Any CPU.ActiveCfg = Debug|Any CPU
		{07FF0C61-1BC2-4ABE-ABF4-5D6D8E68C77E}.Debug|Any CPU.Build.0 = Debug|Any CPU
		{07FF0C61-1BC2-4ABE-ABF4-5D6D8E68C77E}.Release|Any CPU.ActiveCfg = Release|Any CPU
		{07FF0C61-1BC2-4ABE-ABF4-5D6D8E68C77E}.Release|Any CPU.Build.0 = Release|Any CPU
	EndGlobalSection
	GlobalSection(SolutionProperties) = preSolution
		HideSolutionNode = FALSE
	EndGlobalSection
	GlobalSection(ExtensibilityGlobals) = postSolution
		SolutionGuid = {AE48DBDD-4609-47C9-9422-02D40ABCECC8}
	EndGlobalSection
EndGlobal
